<Solution>
  <Folder Name="/src/" />
  <Folder Name="/src/BuildingBlocks/">
    <Project Path="src/BuildingBlocks/GreenFinance.Contracts/GreenFinance.Contracts.csproj" />
  </Folder>
  <Folder Name="/src/Services/" />
  <Folder Name="/src/Services/ESGService/">
    <Project Path="src/Services/ESGService/ESGService.Api/ESGService.Api.csproj" />
    <Project Path="src/Services/ESGService/ESGService.Domain/ESGService.Domain.csproj" />
    <Project Path="src/Services/ESGService/ESGService.Infrastructure/ESGService.Infrastructure.csproj" />
  </Folder>
  <Folder Name="/src/Services/NotificationService/">
    <Project Path="src/Services/NotificationService/NotificationService.Api/NotificationService.Api.csproj" />
    <Project Path="src/Services/NotificationService/NotificationService.Domain/NotificationService.Domain.csproj" />
    <Project Path="src/Services/NotificationService/NotificationService.Infrastructure/NotificationService.Infrastructure.csproj" />
  </Folder>
  <Folder Name="/src/Services/ReferenceDataService/">
    <Project Path="src/Services/ReferenceDataService/ReferenceDataService.Api/ReferenceDataService.Api.csproj" />
    <Project Path="src/Services/ReferenceDataService/ReferenceDataService.Domain/ReferenceDataService.Domain.csproj" />
    <Project Path="src/Services/ReferenceDataService/ReferenceDataService.Infrastructure/ReferenceDataService.Infrastructure.csproj" />
  </Folder>
  <Folder Name="/src/Services/TransactionService/">
    <Project Path="src/Services/TransactionService/TransactionService.Api/TransactionService.Api.csproj" />
    <Project Path="src/Services/TransactionService/TransactionService.Domain/TransactionService.Domain.csproj" />
    <Project Path="src/Services/TransactionService/TransactionService.Infrastructure/TransactionService.Infrastructure.csproj" />
  </Folder>
  <Folder Name="/tests/">
    <Project Path="tests/ESGService.UnitTests/ESGService.UnitTests.csproj" />
    <Project Path="tests/NotificationService.UnitTests/NotificationService.UnitTests.csproj" />
    <Project Path="tests/ReferenceDataService.UnitTests/ReferenceDataService.UnitTests.csproj" />
    <Project Path="tests/TransactionService.UnitTests/TransactionService.UnitTests.csproj" />
  </Folder>
</Solution>
